
Microsoft Visual Studio Solution File, Format Version 12.00
# Visual Studio Version 17
VisualStudioVersion = 17.9.34616.47
MinimumVisualStudioVersion = 10.0.40219.1
Project("{FAE04EC0-301F-11D3-BF4B-00C04F79EFBC}") = "Projekt programko", "Projekt programko\Projekt programko.csproj", "{FAFB3A17-82EB-48C6-AE6C-76B618A891F0}"
EndProject
Global
	GlobalSection(SolutionConfigurationPlatforms) = preSolution
		Debug|Any CPU = Debug|Any CPU
		Release|Any CPU = Release|Any CPU
	EndGlobalSection
	GlobalSection(ProjectConfigurationPlatforms) = postSolution
		{FAFB3A17-82EB-48C6-AE6C-76B618A891F0}.Debug|Any CPU.ActiveCfg = Debug|Any CPU
		{FAFB3A17-82EB-48C6-AE6C-76B618A891F0}.Debug|Any CPU.Build.0 = Debug|Any CPU
		{FAFB3A17-82EB-48C6-AE6C-76B618A891F0}.Release|Any CPU.ActiveCfg = Release|Any CPU
		{FAFB3A17-82EB-48C6-AE6C-76B618A891F0}.Release|Any CPU.Build.0 = Release|Any CPU
	EndGlobalSection
	GlobalSection(SolutionProperties) = preSolution
		HideSolutionNode = FALSE
	EndGlobalSection
	GlobalSection(ExtensibilityGlobals) = postSolution
		SolutionGuid = {4EC2C43A-B15D-49F3-899C-9317F6BEC510}
	EndGlobalSection
EndGlobal
